
Microsoft Visual Studio Solution File, Format Version 12.00
# Visual Studio Version 17
VisualStudioVersion = 17.14.36414.22
MinimumVisualStudioVersion = 10.0.40219.1
Project("{FAE04EC0-301F-11D3-BF4B-00C04F79EFBC}") = "E-Commerce.Web", "E-Commerce.Web\E-Commerce.Web.csproj", "{B1D22139-E828-4FBB-B078-EB895EB8A8E6}"
EndProject
Project("{2150E333-8FDC-42A3-9474-1A3956D46DE8}") = "Core", "Core", "{02EA681E-C7D8-13C7-8484-4AC65E1B71E8}"
EndProject
Project("{FAE04EC0-301F-11D3-BF4B-00C04F79EFBC}") = "DomainLayer", "Core\DomainLayer\DomainLayer.csproj", "{1052959D-24D1-4ABF-86CA-DB4F2A215A6B}"
EndProject
Project("{FAE04EC0-301F-11D3-BF4B-00C04F79EFBC}") = "Service", "Core\Service\Service.csproj", "{B9009CE3-1326-4EA2-912A-DD58F5591547}"
EndProject
Project("{FAE04EC0-301F-11D3-BF4B-00C04F79EFBC}") = "ServiceAbstraction", "Core\ServiceAbstraction\ServiceAbstraction.csproj", "{76ABFC3A-6DC2-452F-8F42-F204A4161813}"
EndProject
Project("{2150E333-8FDC-42A3-9474-1A3956D46DE8}") = "Infastructure", "Infastructure", "{0DF6C721-D601-4043-8736-3AA233E840CD}"
EndProject
Project("{FAE04EC0-301F-11D3-BF4B-00C04F79EFBC}") = "Persistence", "Infastructure\Persistence\Persistence.csproj", "{195F83C4-02B9-40B6-AE8E-CCDEA913A535}"
EndProject
Project("{FAE04EC0-301F-11D3-BF4B-00C04F79EFBC}") = "Presentation", "Infastructure\Presentation\Presentation.csproj", "{8C11A2FA-6661-4246-9F8A-2165ABF787C8}"
EndProject
Project("{FAE04EC0-301F-11D3-BF4B-00C04F79EFBC}") = "Shared", "Shared\Shared.csproj", "{2EC07184-3FDF-4559-928F-EB2BB1BBFED1}"
EndProject
Global
	GlobalSection(SolutionConfigurationPlatforms) = preSolution
		Debug|Any CPU = Debug|Any CPU
		Release|Any CPU = Release|Any CPU
	EndGlobalSection
	GlobalSection(ProjectConfigurationPlatforms) = postSolution
		{B1D22139-E828-4FBB-B078-EB895EB8A8E6}.Debug|Any CPU.ActiveCfg = Debug|Any CPU
		{B1D22139-E828-4FBB-B078-EB895EB8A8E6}.Debug|Any CPU.Build.0 = Debug|Any CPU
		{B1D22139-E828-4FBB-B078-EB895EB8A8E6}.Release|Any CPU.ActiveCfg = Release|Any CPU
		{B1D22139-E828-4FBB-B078-EB895EB8A8E6}.Release|Any CPU.Build.0 = Release|Any CPU
		{1052959D-24D1-4ABF-86CA-DB4F2A215A6B}.Debug|Any CPU.ActiveCfg = Debug|Any CPU
		{1052959D-24D1-4ABF-86CA-DB4F2A215A6B}.Debug|Any CPU.Build.0 = Debug|Any CPU
		{1052959D-24D1-4ABF-86CA-DB4F2A215A6B}.Release|Any CPU.ActiveCfg = Release|Any CPU
		{1052959D-24D1-4ABF-86CA-DB4F2A215A6B}.Release|Any CPU.Build.0 = Release|Any CPU
		{B9009CE3-1326-4EA2-912A-DD58F5591547}.Debug|Any CPU.ActiveCfg = Debug|Any CPU
		{B9009CE3-1326-4EA2-912A-DD58F5591547}.Debug|Any CPU.Build.0 = Debug|Any CPU
		{B9009CE3-1326-4EA2-912A-DD58F5591547}.Release|Any CPU.ActiveCfg = Release|Any CPU
		{B9009CE3-1326-4EA2-912A-DD58F5591547}.Release|Any CPU.Build.0 = Release|Any CPU
		{76ABFC3A-6DC2-452F-8F42-F204A4161813}.Debug|Any CPU.ActiveCfg = Debug|Any CPU
		{76ABFC3A-6DC2-452F-8F42-F204A4161813}.Debug|Any CPU.Build.0 = Debug|Any CPU
		{76ABFC3A-6DC2-452F-8F42-F204A4161813}.Release|Any CPU.ActiveCfg = Release|Any CPU
		{76ABFC3A-6DC2-452F-8F42-F204A4161813}.Release|Any CPU.Build.0 = Release|Any CPU
		{195F83C4-02B9-40B6-AE8E-CCDEA913A535}.Debug|Any CPU.ActiveCfg = Debug|Any CPU
		{195F83C4-02B9-40B6-AE8E-CCDEA913A535}.Debug|Any CPU.Build.0 = Debug|Any CPU
		{195F83C4-02B9-40B6-AE8E-CCDEA913A535}.Release|Any CPU.ActiveCfg = Release|Any CPU
		{195F83C4-02B9-40B6-AE8E-CCDEA913A535}.Release|Any CPU.Build.0 = Release|Any CPU
		{8C11A2FA-6661-4246-9F8A-2165ABF787C8}.Debug|Any CPU.ActiveCfg = Debug|Any CPU
		{8C11A2FA-6661-4246-9F8A-2165ABF787C8}.Debug|Any CPU.Build.0 = Debug|Any CPU
		{8C11A2FA-6661-4246-9F8A-2165ABF787C8}.Release|Any CPU.ActiveCfg = Release|Any CPU
		{8C11A2FA-6661-4246-9F8A-2165ABF787C8}.Release|Any CPU.Build.0 = Release|Any CPU
		{2EC07184-3FDF-4559-928F-EB2BB1BBFED1}.Debug|Any CPU.ActiveCfg = Debug|Any CPU
		{2EC07184-3FDF-4559-928F-EB2BB1BBFED1}.Debug|Any CPU.Build.0 = Debug|Any CPU
		{2EC07184-3FDF-4559-928F-EB2BB1BBFED1}.Release|Any CPU.ActiveCfg = Release|Any CPU
		{2EC07184-3FDF-4559-928F-EB2BB1BBFED1}.Release|Any CPU.Build.0 = Release|Any CPU
	EndGlobalSection
	GlobalSection(SolutionProperties) = preSolution
		HideSolutionNode = FALSE
	EndGlobalSection
	GlobalSection(NestedProjects) = preSolution
		{1052959D-24D1-4ABF-86CA-DB4F2A215A6B} = {02EA681E-C7D8-13C7-8484-4AC65E1B71E8}
		{B9009CE3-1326-4EA2-912A-DD58F5591547} = {02EA681E-C7D8-13C7-8484-4AC65E1B71E8}
		{76ABFC3A-6DC2-452F-8F42-F204A4161813} = {02EA681E-C7D8-13C7-8484-4AC65E1B71E8}
		{195F83C4-02B9-40B6-AE8E-CCDEA913A535} = {0DF6C721-D601-4043-8736-3AA233E840CD}
		{8C11A2FA-6661-4246-9F8A-2165ABF787C8} = {0DF6C721-D601-4043-8736-3AA233E840CD}
	EndGlobalSection
	GlobalSection(ExtensibilityGlobals) = postSolution
		SolutionGuid = {CEBB9832-E107-47CF-B571-F9CE9B0F9CC9}
	EndGlobalSection
EndGlobal
